
Microsoft Visual Studio Solution File, Format Version 12.00
# Visual Studio Version 17
VisualStudioVersion = 17.5.33424.131
MinimumVisualStudioVersion = 10.0.40219.1
Project("{8BC9CEB8-8B4A-11D0-8D11-00A0C91BC942}") = "multiPwrsn", "multiPwrsn\multiPwrsn.vcxproj", "{6EB55794-EFC5-4F2E-87DB-E870ABF14C23}"
EndProject
Project("{8BC9CEB8-8B4A-11D0-8D11-00A0C91BC942}") = "polimorpi", "polimorpi\polimorpi.vcxproj", "{4303D468-88A2-43F0-BB50-1E4420C9FD7A}"
EndProject
Project("{8BC9CEB8-8B4A-11D0-8D11-00A0C91BC942}") = "solveMultiWrs", "solveMultiWrs\solveMultiWrs.vcxproj", "{F949CB46-436A-487E-A3F9-135FC1E50942}"
EndProject
Global
	GlobalSection(SolutionConfigurationPlatforms) = preSolution
		Debug|x64 = Debug|x64
		Debug|x86 = Debug|x86
		Release|x64 = Release|x64
		Release|x86 = Release|x86
	EndGlobalSection
	GlobalSection(ProjectConfigurationPlatforms) = postSolution
		{6EB55794-EFC5-4F2E-87DB-E870ABF14C23}.Debug|x64.ActiveCfg = Debug|x64
		{6EB55794-EFC5-4F2E-87DB-E870ABF14C23}.Debug|x64.Build.0 = Debug|x64
		{6EB55794-EFC5-4F2E-87DB-E870ABF14C23}.Debug|x86.ActiveCfg = Debug|Win32
		{6EB55794-EFC5-4F2E-87DB-E870ABF14C23}.Debug|x86.Build.0 = Debug|Win32
		{6EB55794-EFC5-4F2E-87DB-E870ABF14C23}.Release|x64.ActiveCfg = Release|x64
		{6EB55794-EFC5-4F2E-87DB-E870ABF14C23}.Release|x64.Build.0 = Release|x64
		{6EB55794-EFC5-4F2E-87DB-E870ABF14C23}.Release|x86.ActiveCfg = Release|Win32
		{6EB55794-EFC5-4F2E-87DB-E870ABF14C23}.Release|x86.Build.0 = Release|Win32
		{4303D468-88A2-43F0-BB50-1E4420C9FD7A}.Debug|x64.ActiveCfg = Debug|x64
		{4303D468-88A2-43F0-BB50-1E4420C9FD7A}.Debug|x64.Build.0 = Debug|x64
		{4303D468-88A2-43F0-BB50-1E4420C9FD7A}.Debug|x86.ActiveCfg = Debug|Win32
		{4303D468-88A2-43F0-BB50-1E4420C9FD7A}.Debug|x86.Build.0 = Debug|Win32
		{4303D468-88A2-43F0-BB50-1E4420C9FD7A}.Release|x64.ActiveCfg = Release|x64
		{4303D468-88A2-43F0-BB50-1E4420C9FD7A}.Release|x64.Build.0 = Release|x64
		{4303D468-88A2-43F0-BB50-1E4420C9FD7A}.Release|x86.ActiveCfg = Release|Win32
		{4303D468-88A2-43F0-BB50-1E4420C9FD7A}.Release|x86.Build.0 = Release|Win32
		{F949CB46-436A-487E-A3F9-135FC1E50942}.Debug|x64.ActiveCfg = Debug|x64
		{F949CB46-436A-487E-A3F9-135FC1E50942}.Debug|x64.Build.0 = Debug|x64
		{F949CB46-436A-487E-A3F9-135FC1E50942}.Debug|x86.ActiveCfg = Debug|Win32
		{F949CB46-436A-487E-A3F9-135FC1E50942}.Debug|x86.Build.0 = Debug|Win32
		{F949CB46-436A-487E-A3F9-135FC1E50942}.Release|x64.ActiveCfg = Release|x64
		{F949CB46-436A-487E-A3F9-135FC1E50942}.Release|x64.Build.0 = Release|x64
		{F949CB46-436A-487E-A3F9-135FC1E50942}.Release|x86.ActiveCfg = Release|Win32
		{F949CB46-436A-487E-A3F9-135FC1E50942}.Release|x86.Build.0 = Release|Win32
	EndGlobalSection
	GlobalSection(SolutionProperties) = preSolution
		HideSolutionNode = FALSE
	EndGlobalSection
	GlobalSection(ExtensibilityGlobals) = postSolution
		SolutionGuid = {D54C8663-2447-492B-93A8-8741B3B05EA8}
	EndGlobalSection
EndGlobal
