
Microsoft Visual Studio Solution File, Format Version 12.00
# Visual Studio Version 17
VisualStudioVersion = 17.5.33424.131
MinimumVisualStudioVersion = 10.0.40219.1
Project("{8BC9CEB8-8B4A-11D0-8D11-00A0C91BC942}") = "multiPwrsn", "multiPwrsn\multiPwrsn.vcxproj", "{6EB55794-EFC5-4F2E-87DB-E870ABF14C23}"
EndProject
Project("{8BC9CEB8-8B4A-11D0-8D11-00A0C91BC942}") = "polimorpi", "polimorpi\polimorpi.vcxproj", "{4303D468-88A2-43F0-BB50-1E4420C9FD7A}"
EndProject
Project("{8BC9CEB8-8B4A-11D0-8D11-00A0C91BC942}") = "solveMultiWrs", "solveMultiWrs\solveMultiWrs.vcxproj", "{F949CB46-436A-487E-A3F9-135FC1E50942}"
EndProject
Project("{8BC9CEB8-8B4A-11D0-8D11-00A0C91BC942}") = "problemMultiWrs", "problemMultiWrs\problemMultiWrs.vcxproj", "{82DCF6C3-A490-4592-B56F-AD83343AAEB4}"
EndProject
Project("{8BC9CEB8-8B4A-11D0-8D11-00A0C91BC942}") = "noOvrriding", "noOvrriding\noOvrriding.vcxproj", "{35C714D2-4131-4EB9-A0EC-41099298B270}"
EndProject
Project("{8BC9CEB8-8B4A-11D0-8D11-00A0C91BC942}") = "noPewarisann", "noPewarisann\noPewarisann.vcxproj", "{E0EA4C17-A2D5-41D0-8791-2EAC2BCECA6F}"
EndProject
Project("{8BC9CEB8-8B4A-11D0-8D11-00A0C91BC942}") = "enkapsulasii", "enkapsulasii\enkapsulasii.vcxproj", "{9DE7C0E5-D6AE-484C-80AF-9DB5553F86FF}"
EndProject
Project("{8BC9CEB8-8B4A-11D0-8D11-00A0C91BC942}") = "abstraksii", "abstraksii\abstraksii.vcxproj", "{8F339EAD-FC26-4F7E-9BA1-887A03DC9535}"
EndProject
Global
	GlobalSection(SolutionConfigurationPlatforms) = preSolution
		Debug|x64 = Debug|x64
		Debug|x86 = Debug|x86
		Release|x64 = Release|x64
		Release|x86 = Release|x86
	EndGlobalSection
	GlobalSection(ProjectConfigurationPlatforms) = postSolution
		{6EB55794-EFC5-4F2E-87DB-E870ABF14C23}.Debug|x64.ActiveCfg = Debug|x64
		{6EB55794-EFC5-4F2E-87DB-E870ABF14C23}.Debug|x64.Build.0 = Debug|x64
		{6EB55794-EFC5-4F2E-87DB-E870ABF14C23}.Debug|x86.ActiveCfg = Debug|Win32
		{6EB55794-EFC5-4F2E-87DB-E870ABF14C23}.Debug|x86.Build.0 = Debug|Win32
		{6EB55794-EFC5-4F2E-87DB-E870ABF14C23}.Release|x64.ActiveCfg = Release|x64
		{6EB55794-EFC5-4F2E-87DB-E870ABF14C23}.Release|x64.Build.0 = Release|x64
		{6EB55794-EFC5-4F2E-87DB-E870ABF14C23}.Release|x86.ActiveCfg = Release|Win32
		{6EB55794-EFC5-4F2E-87DB-E870ABF14C23}.Release|x86.Build.0 = Release|Win32
		{4303D468-88A2-43F0-BB50-1E4420C9FD7A}.Debug|x64.ActiveCfg = Debug|x64
		{4303D468-88A2-43F0-BB50-1E4420C9FD7A}.Debug|x64.Build.0 = Debug|x64
		{4303D468-88A2-43F0-BB50-1E4420C9FD7A}.Debug|x86.ActiveCfg = Debug|Win32
		{4303D468-88A2-43F0-BB50-1E4420C9FD7A}.Debug|x86.Build.0 = Debug|Win32
		{4303D468-88A2-43F0-BB50-1E4420C9FD7A}.Release|x64.ActiveCfg = Release|x64
		{4303D468-88A2-43F0-BB50-1E4420C9FD7A}.Release|x64.Build.0 = Release|x64
		{4303D468-88A2-43F0-BB50-1E4420C9FD7A}.Release|x86.ActiveCfg = Release|Win32
		{4303D468-88A2-43F0-BB50-1E4420C9FD7A}.Release|x86.Build.0 = Release|Win32
		{F949CB46-436A-487E-A3F9-135FC1E50942}.Debug|x64.ActiveCfg = Debug|x64
		{F949CB46-436A-487E-A3F9-135FC1E50942}.Debug|x64.Build.0 = Debug|x64
		{F949CB46-436A-487E-A3F9-135FC1E50942}.Debug|x86.ActiveCfg = Debug|Win32
		{F949CB46-436A-487E-A3F9-135FC1E50942}.Debug|x86.Build.0 = Debug|Win32
		{F949CB46-436A-487E-A3F9-135FC1E50942}.Release|x64.ActiveCfg = Release|x64
		{F949CB46-436A-487E-A3F9-135FC1E50942}.Release|x64.Build.0 = Release|x64
		{F949CB46-436A-487E-A3F9-135FC1E50942}.Release|x86.ActiveCfg = Release|Win32
		{F949CB46-436A-487E-A3F9-135FC1E50942}.Release|x86.Build.0 = Release|Win32
		{82DCF6C3-A490-4592-B56F-AD83343AAEB4}.Debug|x64.ActiveCfg = Debug|x64
		{82DCF6C3-A490-4592-B56F-AD83343AAEB4}.Debug|x64.Build.0 = Debug|x64
		{82DCF6C3-A490-4592-B56F-AD83343AAEB4}.Debug|x86.ActiveCfg = Debug|Win32
		{82DCF6C3-A490-4592-B56F-AD83343AAEB4}.Debug|x86.Build.0 = Debug|Win32
		{82DCF6C3-A490-4592-B56F-AD83343AAEB4}.Release|x64.ActiveCfg = Release|x64
		{82DCF6C3-A490-4592-B56F-AD83343AAEB4}.Release|x64.Build.0 = Release|x64
		{82DCF6C3-A490-4592-B56F-AD83343AAEB4}.Release|x86.ActiveCfg = Release|Win32
		{82DCF6C3-A490-4592-B56F-AD83343AAEB4}.Release|x86.Build.0 = Release|Win32
		{35C714D2-4131-4EB9-A0EC-41099298B270}.Debug|x64.ActiveCfg = Debug|x64
		{35C714D2-4131-4EB9-A0EC-41099298B270}.Debug|x64.Build.0 = Debug|x64
		{35C714D2-4131-4EB9-A0EC-41099298B270}.Debug|x86.ActiveCfg = Debug|Win32
		{35C714D2-4131-4EB9-A0EC-41099298B270}.Debug|x86.Build.0 = Debug|Win32
		{35C714D2-4131-4EB9-A0EC-41099298B270}.Release|x64.ActiveCfg = Release|x64
		{35C714D2-4131-4EB9-A0EC-41099298B270}.Release|x64.Build.0 = Release|x64
		{35C714D2-4131-4EB9-A0EC-41099298B270}.Release|x86.ActiveCfg = Release|Win32
		{35C714D2-4131-4EB9-A0EC-41099298B270}.Release|x86.Build.0 = Release|Win32
		{E0EA4C17-A2D5-41D0-8791-2EAC2BCECA6F}.Debug|x64.ActiveCfg = Debug|x64
		{E0EA4C17-A2D5-41D0-8791-2EAC2BCECA6F}.Debug|x64.Build.0 = Debug|x64
		{E0EA4C17-A2D5-41D0-8791-2EAC2BCECA6F}.Debug|x86.ActiveCfg = Debug|Win32
		{E0EA4C17-A2D5-41D0-8791-2EAC2BCECA6F}.Debug|x86.Build.0 = Debug|Win32
		{E0EA4C17-A2D5-41D0-8791-2EAC2BCECA6F}.Release|x64.ActiveCfg = Release|x64
		{E0EA4C17-A2D5-41D0-8791-2EAC2BCECA6F}.Release|x64.Build.0 = Release|x64
		{E0EA4C17-A2D5-41D0-8791-2EAC2BCECA6F}.Release|x86.ActiveCfg = Release|Win32
		{E0EA4C17-A2D5-41D0-8791-2EAC2BCECA6F}.Release|x86.Build.0 = Release|Win32
		{9DE7C0E5-D6AE-484C-80AF-9DB5553F86FF}.Debug|x64.ActiveCfg = Debug|x64
		{9DE7C0E5-D6AE-484C-80AF-9DB5553F86FF}.Debug|x64.Build.0 = Debug|x64
		{9DE7C0E5-D6AE-484C-80AF-9DB5553F86FF}.Debug|x86.ActiveCfg = Debug|Win32
		{9DE7C0E5-D6AE-484C-80AF-9DB5553F86FF}.Debug|x86.Build.0 = Debug|Win32
		{9DE7C0E5-D6AE-484C-80AF-9DB5553F86FF}.Release|x64.ActiveCfg = Release|x64
		{9DE7C0E5-D6AE-484C-80AF-9DB5553F86FF}.Release|x64.Build.0 = Release|x64
		{9DE7C0E5-D6AE-484C-80AF-9DB5553F86FF}.Release|x86.ActiveCfg = Release|Win32
		{9DE7C0E5-D6AE-484C-80AF-9DB5553F86FF}.Release|x86.Build.0 = Release|Win32
		{8F339EAD-FC26-4F7E-9BA1-887A03DC9535}.Debug|x64.ActiveCfg = Debug|x64
		{8F339EAD-FC26-4F7E-9BA1-887A03DC9535}.Debug|x64.Build.0 = Debug|x64
		{8F339EAD-FC26-4F7E-9BA1-887A03DC9535}.Debug|x86.ActiveCfg = Debug|Win32
		{8F339EAD-FC26-4F7E-9BA1-887A03DC9535}.Debug|x86.Build.0 = Debug|Win32
		{8F339EAD-FC26-4F7E-9BA1-887A03DC9535}.Release|x64.ActiveCfg = Release|x64
		{8F339EAD-FC26-4F7E-9BA1-887A03DC9535}.Release|x64.Build.0 = Release|x64
		{8F339EAD-FC26-4F7E-9BA1-887A03DC9535}.Release|x86.ActiveCfg = Release|Win32
		{8F339EAD-FC26-4F7E-9BA1-887A03DC9535}.Release|x86.Build.0 = Release|Win32
	EndGlobalSection
	GlobalSection(SolutionProperties) = preSolution
		HideSolutionNode = FALSE
	EndGlobalSection
	GlobalSection(ExtensibilityGlobals) = postSolution
		SolutionGuid = {D54C8663-2447-492B-93A8-8741B3B05EA8}
	EndGlobalSection
EndGlobal
